// !$*UTF8*$!
{
	archiveVersion = 1;
	classes = {
	};
	objectVersion = 46;
	objects = {

/* Begin PBXBuildFile section */
		A88930121685098E00FC7C63 /* KIF.h in Headers */ = {isa = PBXBuildFile; fileRef = A88930111685098E00FC7C63 /* KIF.h */; settings = {ATTRIBUTES = (Public, ); }; };
		D927B9DF18F9E46400DAD036 /* UITableView-KIFAdditions.h in Headers */ = {isa = PBXBuildFile; fileRef = D927B9DD18F9E46400DAD036 /* UITableView-KIFAdditions.h */; settings = {ATTRIBUTES = (Public, ); }; };
		D927B9E018F9E46400DAD036 /* UITableView-KIFAdditions.m in Sources */ = {isa = PBXBuildFile; fileRef = D927B9DE18F9E46400DAD036 /* UITableView-KIFAdditions.m */; };
		D927B9E118F9E47000DAD036 /* UITableView-KIFAdditions.h in Headers */ = {isa = PBXBuildFile; fileRef = D927B9DD18F9E46400DAD036 /* UITableView-KIFAdditions.h */; settings = {ATTRIBUTES = (Public, ); }; };
		D927B9E218F9E47600DAD036 /* UITableView-KIFAdditions.m in Sources */ = {isa = PBXBuildFile; fileRef = D927B9DE18F9E46400DAD036 /* UITableView-KIFAdditions.m */; };
		EABD467B1857A0C700A5F081 /* CGGeometry-KIFAdditions.m in Sources */ = {isa = PBXBuildFile; fileRef = AAB0729513971AB2008AF393 /* CGGeometry-KIFAdditions.m */; };
		EABD467C1857A0C700A5F081 /* UIAccessibilityElement-KIFAdditions.m in Sources */ = {isa = PBXBuildFile; fileRef = AAB0729713971AB2008AF393 /* UIAccessibilityElement-KIFAdditions.m */; };
		EABD467D1857A0C700A5F081 /* UIApplication-KIFAdditions.m in Sources */ = {isa = PBXBuildFile; fileRef = AAB0729913971AB2008AF393 /* UIApplication-KIFAdditions.m */; };
		EABD467E1857A0C700A5F081 /* UIScrollView-KIFAdditions.m in Sources */ = {isa = PBXBuildFile; fileRef = AAB0729B13971AB2008AF393 /* UIScrollView-KIFAdditions.m */; };
		EABD467F1857A0C700A5F081 /* UITouch-KIFAdditions.m in Sources */ = {isa = PBXBuildFile; fileRef = AAB0729D13971AB2008AF393 /* UITouch-KIFAdditions.m */; };
		EABD46801857A0C700A5F081 /* UIView-KIFAdditions.m in Sources */ = {isa = PBXBuildFile; fileRef = AAB072A113971AB2008AF393 /* UIView-KIFAdditions.m */; };
		EABD46811857A0C700A5F081 /* UIWindow-KIFAdditions.m in Sources */ = {isa = PBXBuildFile; fileRef = AAB072A313971AB2008AF393 /* UIWindow-KIFAdditions.m */; };
		EABD46821857A0C700A5F081 /* NSFileManager-KIFAdditions.m in Sources */ = {isa = PBXBuildFile; fileRef = CDFD8E85139728B4008D299F /* NSFileManager-KIFAdditions.m */; };
		EABD46831857A0C700A5F081 /* KIFTypist.m in Sources */ = {isa = PBXBuildFile; fileRef = C194255715D83DE9004FC314 /* KIFTypist.m */; };
		EABD46841857A0C700A5F081 /* KIFTestActor.m in Sources */ = {isa = PBXBuildFile; fileRef = EB4C3124167BA37B00E31109 /* KIFTestActor.m */; };
		EABD46851857A0C700A5F081 /* KIFTestCase.m in Sources */ = {isa = PBXBuildFile; fileRef = EB4C3128167BA37B00E31109 /* KIFTestCase.m */; };
		EABD46861857A0C700A5F081 /* XCTestCase-KIFAdditions.m in Sources */ = {isa = PBXBuildFile; fileRef = EABD46761857A07600A5F081 /* XCTestCase-KIFAdditions.m */; };
		EABD46871857A0C700A5F081 /* KIFSystemTestActor.m in Sources */ = {isa = PBXBuildFile; fileRef = EB4C3131167BA3AC00E31109 /* KIFSystemTestActor.m */; };
		EABD46881857A0C700A5F081 /* KIFUITestActor.m in Sources */ = {isa = PBXBuildFile; fileRef = EB4C3133167BA3AC00E31109 /* KIFUITestActor.m */; };
		EABD46891857A0C700A5F081 /* NSBundle-KIFAdditions.m in Sources */ = {isa = PBXBuildFile; fileRef = EBAE487B17A45A8E0005EE19 /* NSBundle-KIFAdditions.m */; };
		EABD468A1857A0C700A5F081 /* NSError-KIFAdditions.m in Sources */ = {isa = PBXBuildFile; fileRef = EBAE488017A460E50005EE19 /* NSError-KIFAdditions.m */; };
		EABD468B1857A0C700A5F081 /* KIFTestStepValidation.m in Sources */ = {isa = PBXBuildFile; fileRef = EBAE488617A4E5C30005EE19 /* KIFTestStepValidation.m */; };
		EABD468E1857A0C700A5F081 /* Foundation.framework in Frameworks */ = {isa = PBXBuildFile; fileRef = AAB0726B139719AC008AF393 /* Foundation.framework */; };
		EABD468F1857A0C700A5F081 /* UIKit.framework in Frameworks */ = {isa = PBXBuildFile; fileRef = AAB072B413971AEA008AF393 /* UIKit.framework */; };
		EABD46911857A0C700A5F081 /* KIF.h in Headers */ = {isa = PBXBuildFile; fileRef = A88930111685098E00FC7C63 /* KIF.h */; settings = {ATTRIBUTES = (Public, ); }; };
		EABD46921857A0C700A5F081 /* CGGeometry-KIFAdditions.h in Headers */ = {isa = PBXBuildFile; fileRef = AAB0729413971AB2008AF393 /* CGGeometry-KIFAdditions.h */; settings = {ATTRIBUTES = (Public, ); }; };
		EABD46931857A0C700A5F081 /* UIAccessibilityElement-KIFAdditions.h in Headers */ = {isa = PBXBuildFile; fileRef = AAB0729613971AB2008AF393 /* UIAccessibilityElement-KIFAdditions.h */; settings = {ATTRIBUTES = (Public, ); }; };
		EABD46941857A0C700A5F081 /* UIApplication-KIFAdditions.h in Headers */ = {isa = PBXBuildFile; fileRef = AAB0729813971AB2008AF393 /* UIApplication-KIFAdditions.h */; settings = {ATTRIBUTES = (Public, ); }; };
		EABD46951857A0C700A5F081 /* UIScrollView-KIFAdditions.h in Headers */ = {isa = PBXBuildFile; fileRef = AAB0729A13971AB2008AF393 /* UIScrollView-KIFAdditions.h */; settings = {ATTRIBUTES = (Public, ); }; };
		EABD46961857A0C700A5F081 /* XCTestCase-KIFAdditions.h in Headers */ = {isa = PBXBuildFile; fileRef = EABD46751857A07600A5F081 /* XCTestCase-KIFAdditions.h */; settings = {ATTRIBUTES = (Public, ); }; };
		EABD46971857A0C700A5F081 /* UITouch-KIFAdditions.h in Headers */ = {isa = PBXBuildFile; fileRef = AAB0729C13971AB2008AF393 /* UITouch-KIFAdditions.h */; settings = {ATTRIBUTES = (Public, ); }; };
		EABD46981857A0C700A5F081 /* UIView-KIFAdditions.h in Headers */ = {isa = PBXBuildFile; fileRef = AAB072A013971AB2008AF393 /* UIView-KIFAdditions.h */; settings = {ATTRIBUTES = (Public, ); }; };
		EABD46991857A0C700A5F081 /* UIWindow-KIFAdditions.h in Headers */ = {isa = PBXBuildFile; fileRef = AAB072A213971AB2008AF393 /* UIWindow-KIFAdditions.h */; settings = {ATTRIBUTES = (Public, ); }; };
		EABD469A1857A0C700A5F081 /* NSFileManager-KIFAdditions.h in Headers */ = {isa = PBXBuildFile; fileRef = CDFD8E84139728B4008D299F /* NSFileManager-KIFAdditions.h */; settings = {ATTRIBUTES = (Public, ); }; };
		EABD469B1857A0C700A5F081 /* LoadableCategory.h in Headers */ = {isa = PBXBuildFile; fileRef = 39160B1013D1E6BB00311E38 /* LoadableCategory.h */; settings = {ATTRIBUTES = (Public, ); }; };
		EABD469C1857A0C700A5F081 /* KIFTypist.h in Headers */ = {isa = PBXBuildFile; fileRef = C194255615D83DE9004FC314 /* KIFTypist.h */; settings = {ATTRIBUTES = (Public, ); }; };
		EABD469D1857A0C700A5F081 /* KIFTestActor.h in Headers */ = {isa = PBXBuildFile; fileRef = EB4C3123167BA37B00E31109 /* KIFTestActor.h */; settings = {ATTRIBUTES = (Public, ); }; };
		EABD469E1857A0C700A5F081 /* KIFTestCase.h in Headers */ = {isa = PBXBuildFile; fileRef = EB4C3127167BA37B00E31109 /* KIFTestCase.h */; settings = {ATTRIBUTES = (Public, ); }; };
		EABD469F1857A0C700A5F081 /* KIFSystemTestActor.h in Headers */ = {isa = PBXBuildFile; fileRef = EB4C3130167BA3AC00E31109 /* KIFSystemTestActor.h */; settings = {ATTRIBUTES = (Public, ); }; };
		EABD46A01857A0C700A5F081 /* KIFUITestActor.h in Headers */ = {isa = PBXBuildFile; fileRef = EB4C3132167BA3AC00E31109 /* KIFUITestActor.h */; settings = {ATTRIBUTES = (Public, ); }; };
		EABD46A11857A0C700A5F081 /* NSBundle-KIFAdditions.h in Headers */ = {isa = PBXBuildFile; fileRef = EBAE487A17A45A8E0005EE19 /* NSBundle-KIFAdditions.h */; settings = {ATTRIBUTES = (Public, ); }; };
		EABD46A21857A0C700A5F081 /* NSError-KIFAdditions.h in Headers */ = {isa = PBXBuildFile; fileRef = EBAE487F17A460E50005EE19 /* NSError-KIFAdditions.h */; settings = {ATTRIBUTES = (Public, ); }; };
		EABD46A31857A0C700A5F081 /* KIFTestStepValidation.h in Headers */ = {isa = PBXBuildFile; fileRef = EBAE488517A4E5C30005EE19 /* KIFTestStepValidation.h */; settings = {ATTRIBUTES = (Public, ); }; };
		EABD46D21857A24E00A5F081 /* XCTest.framework in Frameworks */ = {isa = PBXBuildFile; fileRef = EABD46AB1857A0EB00A5F081 /* XCTest.framework */; };
		EABD46D51857C54500A5F081 /* KIF-XCTestPrefix.pch in Headers */ = {isa = PBXBuildFile; fileRef = EABD46D31857BE8600A5F081 /* KIF-XCTestPrefix.pch */; };
		EABD474B185F509E00A5F081 /* SenTestCase-KIFAdditions.h in Headers */ = {isa = PBXBuildFile; fileRef = EABD4749185F509E00A5F081 /* SenTestCase-KIFAdditions.h */; settings = {ATTRIBUTES = (Public, ); }; };
		EABD474C185F509E00A5F081 /* SenTestCase-KIFAdditions.m in Sources */ = {isa = PBXBuildFile; fileRef = EABD474A185F509E00A5F081 /* SenTestCase-KIFAdditions.m */; };
		EAC8096A1864F19C000E819F /* NSException-KIFAdditions.h in Headers */ = {isa = PBXBuildFile; fileRef = EAC809681864F19C000E819F /* NSException-KIFAdditions.h */; settings = {ATTRIBUTES = (Public, ); }; };
		EAC8096B1864F19C000E819F /* NSException-KIFAdditions.m in Sources */ = {isa = PBXBuildFile; fileRef = EAC809691864F19C000E819F /* NSException-KIFAdditions.m */; };
		EB2526481981BF7A00DBC747 /* KIFUITestActor-ConditionalTests.h in Headers */ = {isa = PBXBuildFile; fileRef = EB2526461981BF7A00DBC747 /* KIFUITestActor-ConditionalTests.h */; settings = {ATTRIBUTES = (Public, ); }; };
		EB2526491981BF7A00DBC747 /* KIFUITestActor-ConditionalTests.m in Sources */ = {isa = PBXBuildFile; fileRef = EB2526471981BF7A00DBC747 /* KIFUITestActor-ConditionalTests.m */; };
		EB25264A1981BF8400DBC747 /* KIFUITestActor-ConditionalTests.m in Sources */ = {isa = PBXBuildFile; fileRef = EB2526471981BF7A00DBC747 /* KIFUITestActor-ConditionalTests.m */; };
		EB7204431680DDAD00278DA2 /* CGGeometry-KIFAdditions.m in Sources */ = {isa = PBXBuildFile; fileRef = AAB0729513971AB2008AF393 /* CGGeometry-KIFAdditions.m */; };
		EB7204441680DDAD00278DA2 /* UIAccessibilityElement-KIFAdditions.m in Sources */ = {isa = PBXBuildFile; fileRef = AAB0729713971AB2008AF393 /* UIAccessibilityElement-KIFAdditions.m */; };
		EB7204451680DDAD00278DA2 /* UIApplication-KIFAdditions.m in Sources */ = {isa = PBXBuildFile; fileRef = AAB0729913971AB2008AF393 /* UIApplication-KIFAdditions.m */; };
		EB7204461680DDAD00278DA2 /* UIScrollView-KIFAdditions.m in Sources */ = {isa = PBXBuildFile; fileRef = AAB0729B13971AB2008AF393 /* UIScrollView-KIFAdditions.m */; };
		EB7204471680DDAD00278DA2 /* UITouch-KIFAdditions.m in Sources */ = {isa = PBXBuildFile; fileRef = AAB0729D13971AB2008AF393 /* UITouch-KIFAdditions.m */; };
		EB7204481680DDAD00278DA2 /* UIView-KIFAdditions.m in Sources */ = {isa = PBXBuildFile; fileRef = AAB072A113971AB2008AF393 /* UIView-KIFAdditions.m */; };
		EB7204491680DDAD00278DA2 /* UIWindow-KIFAdditions.m in Sources */ = {isa = PBXBuildFile; fileRef = AAB072A313971AB2008AF393 /* UIWindow-KIFAdditions.m */; };
		EB72044A1680DDAD00278DA2 /* NSFileManager-KIFAdditions.m in Sources */ = {isa = PBXBuildFile; fileRef = CDFD8E85139728B4008D299F /* NSFileManager-KIFAdditions.m */; };
		EB72044B1680DDAD00278DA2 /* KIFTypist.m in Sources */ = {isa = PBXBuildFile; fileRef = C194255715D83DE9004FC314 /* KIFTypist.m */; };
		EB72044C1680DDAD00278DA2 /* KIFTestActor.m in Sources */ = {isa = PBXBuildFile; fileRef = EB4C3124167BA37B00E31109 /* KIFTestActor.m */; };
		EB72044D1680DDAD00278DA2 /* KIFTestCase.m in Sources */ = {isa = PBXBuildFile; fileRef = EB4C3128167BA37B00E31109 /* KIFTestCase.m */; };
		EB72044E1680DDAD00278DA2 /* KIFSystemTestActor.m in Sources */ = {isa = PBXBuildFile; fileRef = EB4C3131167BA3AC00E31109 /* KIFSystemTestActor.m */; };
		EB72044F1680DDAD00278DA2 /* KIFUITestActor.m in Sources */ = {isa = PBXBuildFile; fileRef = EB4C3133167BA3AC00E31109 /* KIFUITestActor.m */; };
		EB7204511680DDAD00278DA2 /* SenTestingKit.framework in Frameworks */ = {isa = PBXBuildFile; fileRef = EB4C3138167BA3D200E31109 /* SenTestingKit.framework */; };
		EB7204521680DDAD00278DA2 /* Foundation.framework in Frameworks */ = {isa = PBXBuildFile; fileRef = AAB0726B139719AC008AF393 /* Foundation.framework */; };
		EB7204531680DDAD00278DA2 /* UIKit.framework in Frameworks */ = {isa = PBXBuildFile; fileRef = AAB072B413971AEA008AF393 /* UIKit.framework */; };
		EB7204551680DDAD00278DA2 /* KIF-Prefix.pch in Headers */ = {isa = PBXBuildFile; fileRef = AAB0728113971A63008AF393 /* KIF-Prefix.pch */; };
		EB7204591680DDAD00278DA2 /* CGGeometry-KIFAdditions.h in Headers */ = {isa = PBXBuildFile; fileRef = AAB0729413971AB2008AF393 /* CGGeometry-KIFAdditions.h */; settings = {ATTRIBUTES = (Public, ); }; };
		EB72045A1680DDAD00278DA2 /* UIAccessibilityElement-KIFAdditions.h in Headers */ = {isa = PBXBuildFile; fileRef = AAB0729613971AB2008AF393 /* UIAccessibilityElement-KIFAdditions.h */; settings = {ATTRIBUTES = (Public, ); }; };
		EB72045B1680DDAD00278DA2 /* UIApplication-KIFAdditions.h in Headers */ = {isa = PBXBuildFile; fileRef = AAB0729813971AB2008AF393 /* UIApplication-KIFAdditions.h */; settings = {ATTRIBUTES = (Public, ); }; };
		EB72045C1680DDAD00278DA2 /* UIScrollView-KIFAdditions.h in Headers */ = {isa = PBXBuildFile; fileRef = AAB0729A13971AB2008AF393 /* UIScrollView-KIFAdditions.h */; settings = {ATTRIBUTES = (Public, ); }; };
		EB72045D1680DDAD00278DA2 /* UITouch-KIFAdditions.h in Headers */ = {isa = PBXBuildFile; fileRef = AAB0729C13971AB2008AF393 /* UITouch-KIFAdditions.h */; settings = {ATTRIBUTES = (Public, ); }; };
		EB72045E1680DDAD00278DA2 /* UIView-KIFAdditions.h in Headers */ = {isa = PBXBuildFile; fileRef = AAB072A013971AB2008AF393 /* UIView-KIFAdditions.h */; settings = {ATTRIBUTES = (Public, ); }; };
		EB72045F1680DDAD00278DA2 /* UIWindow-KIFAdditions.h in Headers */ = {isa = PBXBuildFile; fileRef = AAB072A213971AB2008AF393 /* UIWindow-KIFAdditions.h */; settings = {ATTRIBUTES = (Public, ); }; };
		EB7204601680DDAD00278DA2 /* NSFileManager-KIFAdditions.h in Headers */ = {isa = PBXBuildFile; fileRef = CDFD8E84139728B4008D299F /* NSFileManager-KIFAdditions.h */; settings = {ATTRIBUTES = (Public, ); }; };
		EB7204611680DDAD00278DA2 /* LoadableCategory.h in Headers */ = {isa = PBXBuildFile; fileRef = 39160B1013D1E6BB00311E38 /* LoadableCategory.h */; settings = {ATTRIBUTES = (Public, ); }; };
		EB7204621680DDAD00278DA2 /* KIFTypist.h in Headers */ = {isa = PBXBuildFile; fileRef = C194255615D83DE9004FC314 /* KIFTypist.h */; settings = {ATTRIBUTES = (Public, ); }; };
		EB7204631680DDAD00278DA2 /* KIFTestActor.h in Headers */ = {isa = PBXBuildFile; fileRef = EB4C3123167BA37B00E31109 /* KIFTestActor.h */; settings = {ATTRIBUTES = (Public, ); }; };
		EB7204641680DDAD00278DA2 /* KIFTestCase.h in Headers */ = {isa = PBXBuildFile; fileRef = EB4C3127167BA37B00E31109 /* KIFTestCase.h */; settings = {ATTRIBUTES = (Public, ); }; };
		EB7204651680DDAD00278DA2 /* KIFSystemTestActor.h in Headers */ = {isa = PBXBuildFile; fileRef = EB4C3130167BA3AC00E31109 /* KIFSystemTestActor.h */; settings = {ATTRIBUTES = (Public, ); }; };
		EB7204661680DDAD00278DA2 /* KIFUITestActor.h in Headers */ = {isa = PBXBuildFile; fileRef = EB4C3132167BA3AC00E31109 /* KIFUITestActor.h */; settings = {ATTRIBUTES = (Public, ); }; };
		EBAE487C17A45A8E0005EE19 /* NSBundle-KIFAdditions.h in Headers */ = {isa = PBXBuildFile; fileRef = EBAE487A17A45A8E0005EE19 /* NSBundle-KIFAdditions.h */; settings = {ATTRIBUTES = (Public, ); }; };
		EBAE487D17A45A8E0005EE19 /* NSBundle-KIFAdditions.m in Sources */ = {isa = PBXBuildFile; fileRef = EBAE487B17A45A8E0005EE19 /* NSBundle-KIFAdditions.m */; };
		EBAE488117A460E50005EE19 /* NSError-KIFAdditions.h in Headers */ = {isa = PBXBuildFile; fileRef = EBAE487F17A460E50005EE19 /* NSError-KIFAdditions.h */; settings = {ATTRIBUTES = (Public, ); }; };
		EBAE488217A460E50005EE19 /* NSError-KIFAdditions.m in Sources */ = {isa = PBXBuildFile; fileRef = EBAE488017A460E50005EE19 /* NSError-KIFAdditions.m */; };
		EBAE488717A4E5C30005EE19 /* KIFTestStepValidation.h in Headers */ = {isa = PBXBuildFile; fileRef = EBAE488517A4E5C30005EE19 /* KIFTestStepValidation.h */; settings = {ATTRIBUTES = (Public, ); }; };
		EBAE488817A4E5C30005EE19 /* KIFTestStepValidation.m in Sources */ = {isa = PBXBuildFile; fileRef = EBAE488617A4E5C30005EE19 /* KIFTestStepValidation.m */; };
/* End PBXBuildFile section */

/* Begin PBXFileReference section */
		39160B1013D1E6BB00311E38 /* LoadableCategory.h */ = {isa = PBXFileReference; fileEncoding = 4; lastKnownFileType = sourcecode.c.h; path = LoadableCategory.h; sourceTree = "<group>"; };
		A88930111685098E00FC7C63 /* KIF.h */ = {isa = PBXFileReference; fileEncoding = 4; lastKnownFileType = sourcecode.c.h; lineEnding = 0; path = KIF.h; sourceTree = "<group>"; xcLanguageSpecificationIdentifier = xcode.lang.objcpp; };
		AAB0726B139719AC008AF393 /* Foundation.framework */ = {isa = PBXFileReference; lastKnownFileType = wrapper.framework; name = Foundation.framework; path = System/Library/Frameworks/Foundation.framework; sourceTree = SDKROOT; };
		AAB0728113971A63008AF393 /* KIF-Prefix.pch */ = {isa = PBXFileReference; fileEncoding = 4; lastKnownFileType = sourcecode.c.h; name = "KIF-Prefix.pch"; path = "Classes/KIF-Prefix.pch"; sourceTree = SOURCE_ROOT; };
		AAB0728513971A98008AF393 /* KIF-Prefix.pch */ = {isa = PBXFileReference; fileEncoding = 4; lastKnownFileType = sourcecode.c.h; path = "KIF-Prefix.pch"; sourceTree = "<group>"; };
		AAB0729413971AB2008AF393 /* CGGeometry-KIFAdditions.h */ = {isa = PBXFileReference; fileEncoding = 4; lastKnownFileType = sourcecode.c.h; path = "CGGeometry-KIFAdditions.h"; sourceTree = "<group>"; };
		AAB0729513971AB2008AF393 /* CGGeometry-KIFAdditions.m */ = {isa = PBXFileReference; fileEncoding = 4; lastKnownFileType = sourcecode.c.objc; path = "CGGeometry-KIFAdditions.m"; sourceTree = "<group>"; };
		AAB0729613971AB2008AF393 /* UIAccessibilityElement-KIFAdditions.h */ = {isa = PBXFileReference; fileEncoding = 4; lastKnownFileType = sourcecode.c.h; path = "UIAccessibilityElement-KIFAdditions.h"; sourceTree = "<group>"; };
		AAB0729713971AB2008AF393 /* UIAccessibilityElement-KIFAdditions.m */ = {isa = PBXFileReference; fileEncoding = 4; lastKnownFileType = sourcecode.c.objc; path = "UIAccessibilityElement-KIFAdditions.m"; sourceTree = "<group>"; };
		AAB0729813971AB2008AF393 /* UIApplication-KIFAdditions.h */ = {isa = PBXFileReference; fileEncoding = 4; lastKnownFileType = sourcecode.c.h; path = "UIApplication-KIFAdditions.h"; sourceTree = "<group>"; };
		AAB0729913971AB2008AF393 /* UIApplication-KIFAdditions.m */ = {isa = PBXFileReference; fileEncoding = 4; lastKnownFileType = sourcecode.c.objc; path = "UIApplication-KIFAdditions.m"; sourceTree = "<group>"; };
		AAB0729A13971AB2008AF393 /* UIScrollView-KIFAdditions.h */ = {isa = PBXFileReference; fileEncoding = 4; lastKnownFileType = sourcecode.c.h; path = "UIScrollView-KIFAdditions.h"; sourceTree = "<group>"; };
		AAB0729B13971AB2008AF393 /* UIScrollView-KIFAdditions.m */ = {isa = PBXFileReference; fileEncoding = 4; lastKnownFileType = sourcecode.c.objc; path = "UIScrollView-KIFAdditions.m"; sourceTree = "<group>"; };
		AAB0729C13971AB2008AF393 /* UITouch-KIFAdditions.h */ = {isa = PBXFileReference; fileEncoding = 4; lastKnownFileType = sourcecode.c.h; path = "UITouch-KIFAdditions.h"; sourceTree = "<group>"; };
		AAB0729D13971AB2008AF393 /* UITouch-KIFAdditions.m */ = {isa = PBXFileReference; fileEncoding = 4; lastKnownFileType = sourcecode.c.objc; path = "UITouch-KIFAdditions.m"; sourceTree = "<group>"; };
		AAB072A013971AB2008AF393 /* UIView-KIFAdditions.h */ = {isa = PBXFileReference; fileEncoding = 4; lastKnownFileType = sourcecode.c.h; path = "UIView-KIFAdditions.h"; sourceTree = "<group>"; };
		AAB072A113971AB2008AF393 /* UIView-KIFAdditions.m */ = {isa = PBXFileReference; fileEncoding = 4; lastKnownFileType = sourcecode.c.objc; path = "UIView-KIFAdditions.m"; sourceTree = "<group>"; };
		AAB072A213971AB2008AF393 /* UIWindow-KIFAdditions.h */ = {isa = PBXFileReference; fileEncoding = 4; lastKnownFileType = sourcecode.c.h; path = "UIWindow-KIFAdditions.h"; sourceTree = "<group>"; };
		AAB072A313971AB2008AF393 /* UIWindow-KIFAdditions.m */ = {isa = PBXFileReference; fileEncoding = 4; lastKnownFileType = sourcecode.c.objc; path = "UIWindow-KIFAdditions.m"; sourceTree = "<group>"; };
		AAB072B413971AEA008AF393 /* UIKit.framework */ = {isa = PBXFileReference; lastKnownFileType = wrapper.framework; name = UIKit.framework; path = System/Library/Frameworks/UIKit.framework; sourceTree = SDKROOT; };
		C194255615D83DE9004FC314 /* KIFTypist.h */ = {isa = PBXFileReference; fileEncoding = 4; lastKnownFileType = sourcecode.c.h; path = KIFTypist.h; sourceTree = "<group>"; };
		C194255715D83DE9004FC314 /* KIFTypist.m */ = {isa = PBXFileReference; fileEncoding = 4; lastKnownFileType = sourcecode.c.objc; path = KIFTypist.m; sourceTree = "<group>"; };
		CDFD8E84139728B4008D299F /* NSFileManager-KIFAdditions.h */ = {isa = PBXFileReference; fileEncoding = 4; lastKnownFileType = sourcecode.c.h; path = "NSFileManager-KIFAdditions.h"; sourceTree = "<group>"; };
		CDFD8E85139728B4008D299F /* NSFileManager-KIFAdditions.m */ = {isa = PBXFileReference; fileEncoding = 4; lastKnownFileType = sourcecode.c.objc; path = "NSFileManager-KIFAdditions.m"; sourceTree = "<group>"; };
		D927B9DD18F9E46400DAD036 /* UITableView-KIFAdditions.h */ = {isa = PBXFileReference; fileEncoding = 4; lastKnownFileType = sourcecode.c.h; path = "UITableView-KIFAdditions.h"; sourceTree = "<group>"; };
		D927B9DE18F9E46400DAD036 /* UITableView-KIFAdditions.m */ = {isa = PBXFileReference; fileEncoding = 4; lastKnownFileType = sourcecode.c.objc; path = "UITableView-KIFAdditions.m"; sourceTree = "<group>"; };
		EABD46751857A07600A5F081 /* XCTestCase-KIFAdditions.h */ = {isa = PBXFileReference; fileEncoding = 4; lastKnownFileType = sourcecode.c.h; path = "XCTestCase-KIFAdditions.h"; sourceTree = "<group>"; };
		EABD46761857A07600A5F081 /* XCTestCase-KIFAdditions.m */ = {isa = PBXFileReference; fileEncoding = 4; lastKnownFileType = sourcecode.c.objc; path = "XCTestCase-KIFAdditions.m"; sourceTree = "<group>"; };
		EABD46AA1857A0C700A5F081 /* libKIF.a */ = {isa = PBXFileReference; explicitFileType = archive.ar; includeInIndex = 0; path = libKIF.a; sourceTree = BUILT_PRODUCTS_DIR; };
		EABD46AB1857A0EB00A5F081 /* XCTest.framework */ = {isa = PBXFileReference; lastKnownFileType = wrapper.framework; name = XCTest.framework; path = Library/Frameworks/XCTest.framework; sourceTree = DEVELOPER_DIR; };
		EABD46D31857BE8600A5F081 /* KIF-XCTestPrefix.pch */ = {isa = PBXFileReference; fileEncoding = 4; lastKnownFileType = sourcecode.c.h; path = "KIF-XCTestPrefix.pch"; sourceTree = "<group>"; };
		EABD4749185F509E00A5F081 /* SenTestCase-KIFAdditions.h */ = {isa = PBXFileReference; fileEncoding = 4; lastKnownFileType = sourcecode.c.h; path = "SenTestCase-KIFAdditions.h"; sourceTree = "<group>"; };
		EABD474A185F509E00A5F081 /* SenTestCase-KIFAdditions.m */ = {isa = PBXFileReference; fileEncoding = 4; lastKnownFileType = sourcecode.c.objc; path = "SenTestCase-KIFAdditions.m"; sourceTree = "<group>"; };
		EAC809681864F19C000E819F /* NSException-KIFAdditions.h */ = {isa = PBXFileReference; fileEncoding = 4; lastKnownFileType = sourcecode.c.h; path = "NSException-KIFAdditions.h"; sourceTree = "<group>"; };
		EAC809691864F19C000E819F /* NSException-KIFAdditions.m */ = {isa = PBXFileReference; fileEncoding = 4; lastKnownFileType = sourcecode.c.objc; path = "NSException-KIFAdditions.m"; sourceTree = "<group>"; };
		EB2526461981BF7A00DBC747 /* KIFUITestActor-ConditionalTests.h */ = {isa = PBXFileReference; fileEncoding = 4; lastKnownFileType = sourcecode.c.h; path = "KIFUITestActor-ConditionalTests.h"; sourceTree = "<group>"; };
		EB2526471981BF7A00DBC747 /* KIFUITestActor-ConditionalTests.m */ = {isa = PBXFileReference; fileEncoding = 4; lastKnownFileType = sourcecode.c.objc; path = "KIFUITestActor-ConditionalTests.m"; sourceTree = "<group>"; };
		EB4C3123167BA37B00E31109 /* KIFTestActor.h */ = {isa = PBXFileReference; fileEncoding = 4; lastKnownFileType = sourcecode.c.h; path = KIFTestActor.h; sourceTree = "<group>"; };
		EB4C3124167BA37B00E31109 /* KIFTestActor.m */ = {isa = PBXFileReference; fileEncoding = 4; lastKnownFileType = sourcecode.c.objc; lineEnding = 0; path = KIFTestActor.m; sourceTree = "<group>"; xcLanguageSpecificationIdentifier = xcode.lang.objc; };
		EB4C3127167BA37B00E31109 /* KIFTestCase.h */ = {isa = PBXFileReference; fileEncoding = 4; lastKnownFileType = sourcecode.c.h; lineEnding = 0; path = KIFTestCase.h; sourceTree = "<group>"; xcLanguageSpecificationIdentifier = xcode.lang.objcpp; };
		EB4C3128167BA37B00E31109 /* KIFTestCase.m */ = {isa = PBXFileReference; fileEncoding = 4; lastKnownFileType = sourcecode.c.objc; lineEnding = 0; path = KIFTestCase.m; sourceTree = "<group>"; xcLanguageSpecificationIdentifier = xcode.lang.objc; };
		EB4C3130167BA3AC00E31109 /* KIFSystemTestActor.h */ = {isa = PBXFileReference; fileEncoding = 4; lastKnownFileType = sourcecode.c.h; path = KIFSystemTestActor.h; sourceTree = "<group>"; };
		EB4C3131167BA3AC00E31109 /* KIFSystemTestActor.m */ = {isa = PBXFileReference; fileEncoding = 4; lastKnownFileType = sourcecode.c.objc; path = KIFSystemTestActor.m; sourceTree = "<group>"; };
		EB4C3132167BA3AC00E31109 /* KIFUITestActor.h */ = {isa = PBXFileReference; fileEncoding = 4; lastKnownFileType = sourcecode.c.h; path = KIFUITestActor.h; sourceTree = "<group>"; };
		EB4C3133167BA3AC00E31109 /* KIFUITestActor.m */ = {isa = PBXFileReference; fileEncoding = 4; lastKnownFileType = sourcecode.c.objc; path = KIFUITestActor.m; sourceTree = "<group>"; };
		EB4C3138167BA3D200E31109 /* SenTestingKit.framework */ = {isa = PBXFileReference; lastKnownFileType = wrapper.framework; name = SenTestingKit.framework; path = Library/Frameworks/SenTestingKit.framework; sourceTree = DEVELOPER_DIR; };
		EB60ECC4177F8C83005A041A /* CoreGraphics.framework */ = {isa = PBXFileReference; lastKnownFileType = wrapper.framework; name = CoreGraphics.framework; path = System/Library/Frameworks/CoreGraphics.framework; sourceTree = SDKROOT; };
		EB72047C1680DDAD00278DA2 /* libKIF-OCUnit.a */ = {isa = PBXFileReference; explicitFileType = archive.ar; includeInIndex = 0; path = "libKIF-OCUnit.a"; sourceTree = BUILT_PRODUCTS_DIR; };
		EBAE487A17A45A8E0005EE19 /* NSBundle-KIFAdditions.h */ = {isa = PBXFileReference; fileEncoding = 4; lastKnownFileType = sourcecode.c.h; path = "NSBundle-KIFAdditions.h"; sourceTree = "<group>"; };
		EBAE487B17A45A8E0005EE19 /* NSBundle-KIFAdditions.m */ = {isa = PBXFileReference; fileEncoding = 4; lastKnownFileType = sourcecode.c.objc; path = "NSBundle-KIFAdditions.m"; sourceTree = "<group>"; };
		EBAE487F17A460E50005EE19 /* NSError-KIFAdditions.h */ = {isa = PBXFileReference; fileEncoding = 4; lastKnownFileType = sourcecode.c.h; path = "NSError-KIFAdditions.h"; sourceTree = "<group>"; };
		EBAE488017A460E50005EE19 /* NSError-KIFAdditions.m */ = {isa = PBXFileReference; fileEncoding = 4; lastKnownFileType = sourcecode.c.objc; path = "NSError-KIFAdditions.m"; sourceTree = "<group>"; };
		EBAE488517A4E5C30005EE19 /* KIFTestStepValidation.h */ = {isa = PBXFileReference; fileEncoding = 4; lastKnownFileType = sourcecode.c.h; lineEnding = 0; path = KIFTestStepValidation.h; sourceTree = "<group>"; xcLanguageSpecificationIdentifier = xcode.lang.objcpp; };
		EBAE488617A4E5C30005EE19 /* KIFTestStepValidation.m */ = {isa = PBXFileReference; fileEncoding = 4; lastKnownFileType = sourcecode.c.objc; path = KIFTestStepValidation.m; sourceTree = "<group>"; };
/* End PBXFileReference section */

/* Begin PBXFrameworksBuildPhase section */
		EABD468C1857A0C700A5F081 /* Frameworks */ = {
			isa = PBXFrameworksBuildPhase;
			buildActionMask = 2147483647;
			files = (
				EABD46D21857A24E00A5F081 /* XCTest.framework in Frameworks */,
				EABD468E1857A0C700A5F081 /* Foundation.framework in Frameworks */,
				EABD468F1857A0C700A5F081 /* UIKit.framework in Frameworks */,
			);
			runOnlyForDeploymentPostprocessing = 0;
		};
		EB7204501680DDAD00278DA2 /* Frameworks */ = {
			isa = PBXFrameworksBuildPhase;
			buildActionMask = 2147483647;
			files = (
				EB7204511680DDAD00278DA2 /* SenTestingKit.framework in Frameworks */,
				EB7204521680DDAD00278DA2 /* Foundation.framework in Frameworks */,
				EB7204531680DDAD00278DA2 /* UIKit.framework in Frameworks */,
			);
			runOnlyForDeploymentPostprocessing = 0;
		};
/* End PBXFrameworksBuildPhase section */

/* Begin PBXGroup section */
		AAB0725D139719AC008AF393 = {
			isa = PBXGroup;
			children = (
				EB60ECBC177F8C51005A041A /* KIF */,
				AAB0726A139719AC008AF393 /* Frameworks */,
				AAB07269139719AC008AF393 /* Products */,
			);
			sourceTree = "<group>";
		};
		AAB07269139719AC008AF393 /* Products */ = {
			isa = PBXGroup;
			children = (
				EB72047C1680DDAD00278DA2 /* libKIF-OCUnit.a */,
				EABD46AA1857A0C700A5F081 /* libKIF.a */,
			);
			name = Products;
			sourceTree = "<group>";
		};
		AAB0726A139719AC008AF393 /* Frameworks */ = {
			isa = PBXGroup;
			children = (
				EABD46AB1857A0EB00A5F081 /* XCTest.framework */,
				EB4C3138167BA3D200E31109 /* SenTestingKit.framework */,
				AAB072B413971AEA008AF393 /* UIKit.framework */,
				AAB0726B139719AC008AF393 /* Foundation.framework */,
				EB60ECC4177F8C83005A041A /* CoreGraphics.framework */,
			);
			name = Frameworks;
			sourceTree = "<group>";
		};
		AAB0726E139719AC008AF393 /* Supporting Files */ = {
			isa = PBXGroup;
			children = (
				AAB0728113971A63008AF393 /* KIF-Prefix.pch */,
			);
			name = "Supporting Files";
			path = KIF;
			sourceTree = "<group>";
		};
		AAB0728413971A98008AF393 /* Classes */ = {
			isa = PBXGroup;
			children = (
				EB4C312F167BA39200E31109 /* Actors */,
				A88930111685098E00FC7C63 /* KIF.h */,
				EB4C3127167BA37B00E31109 /* KIFTestCase.h */,
				EB4C3128167BA37B00E31109 /* KIFTestCase.m */,
				EB4C3123167BA37B00E31109 /* KIFTestActor.h */,
				EB4C3124167BA37B00E31109 /* KIFTestActor.m */,
				AAB0728513971A98008AF393 /* KIF-Prefix.pch */,
				C194255615D83DE9004FC314 /* KIFTypist.h */,
				C194255715D83DE9004FC314 /* KIFTypist.m */,
				EBAE488517A4E5C30005EE19 /* KIFTestStepValidation.h */,
				EBAE488617A4E5C30005EE19 /* KIFTestStepValidation.m */,
				EABD46D31857BE8600A5F081 /* KIF-XCTestPrefix.pch */,
			);
			path = Classes;
			sourceTree = "<group>";
		};
		AAB0729313971AB2008AF393 /* Additions */ = {
			isa = PBXGroup;
			children = (
				39160B1013D1E6BB00311E38 /* LoadableCategory.h */,
				AAB0729413971AB2008AF393 /* CGGeometry-KIFAdditions.h */,
				AAB0729513971AB2008AF393 /* CGGeometry-KIFAdditions.m */,
				CDFD8E84139728B4008D299F /* NSFileManager-KIFAdditions.h */,
				CDFD8E85139728B4008D299F /* NSFileManager-KIFAdditions.m */,
				AAB0729613971AB2008AF393 /* UIAccessibilityElement-KIFAdditions.h */,
				AAB0729713971AB2008AF393 /* UIAccessibilityElement-KIFAdditions.m */,
				AAB0729813971AB2008AF393 /* UIApplication-KIFAdditions.h */,
				AAB0729913971AB2008AF393 /* UIApplication-KIFAdditions.m */,
				AAB0729A13971AB2008AF393 /* UIScrollView-KIFAdditions.h */,
				AAB0729B13971AB2008AF393 /* UIScrollView-KIFAdditions.m */,
				AAB0729C13971AB2008AF393 /* UITouch-KIFAdditions.h */,
				AAB0729D13971AB2008AF393 /* UITouch-KIFAdditions.m */,
				AAB072A013971AB2008AF393 /* UIView-KIFAdditions.h */,
				AAB072A113971AB2008AF393 /* UIView-KIFAdditions.m */,
				AAB072A213971AB2008AF393 /* UIWindow-KIFAdditions.h */,
				AAB072A313971AB2008AF393 /* UIWindow-KIFAdditions.m */,
				D927B9DD18F9E46400DAD036 /* UITableView-KIFAdditions.h */,
				D927B9DE18F9E46400DAD036 /* UITableView-KIFAdditions.m */,
				EBAE487A17A45A8E0005EE19 /* NSBundle-KIFAdditions.h */,
				EBAE487B17A45A8E0005EE19 /* NSBundle-KIFAdditions.m */,
				EBAE487F17A460E50005EE19 /* NSError-KIFAdditions.h */,
				EBAE488017A460E50005EE19 /* NSError-KIFAdditions.m */,
				EABD4749185F509E00A5F081 /* SenTestCase-KIFAdditions.h */,
				EABD474A185F509E00A5F081 /* SenTestCase-KIFAdditions.m */,
				EABD46751857A07600A5F081 /* XCTestCase-KIFAdditions.h */,
				EABD46761857A07600A5F081 /* XCTestCase-KIFAdditions.m */,
				EAC809681864F19C000E819F /* NSException-KIFAdditions.h */,
				EAC809691864F19C000E819F /* NSException-KIFAdditions.m */,
			);
			path = Additions;
			sourceTree = "<group>";
		};
		EB4C312F167BA39200E31109 /* Actors */ = {
			isa = PBXGroup;
			children = (
				EB4C3130167BA3AC00E31109 /* KIFSystemTestActor.h */,
				EB4C3131167BA3AC00E31109 /* KIFSystemTestActor.m */,
				EB4C3132167BA3AC00E31109 /* KIFUITestActor.h */,
				EB4C3133167BA3AC00E31109 /* KIFUITestActor.m */,
				EB2526461981BF7A00DBC747 /* KIFUITestActor-ConditionalTests.h */,
				EB2526471981BF7A00DBC747 /* KIFUITestActor-ConditionalTests.m */,
			);
			name = Actors;
			sourceTree = "<group>";
		};
		EB60ECBC177F8C51005A041A /* KIF */ = {
			isa = PBXGroup;
			children = (
				AAB0729313971AB2008AF393 /* Additions */,
				AAB0728413971A98008AF393 /* Classes */,
				AAB0726E139719AC008AF393 /* Supporting Files */,
			);
			name = KIF;
			sourceTree = "<group>";
		};
/* End PBXGroup section */

/* Begin PBXHeadersBuildPhase section */
		EABD46901857A0C700A5F081 /* Headers */ = {
			isa = PBXHeadersBuildPhase;
			buildActionMask = 2147483647;
			files = (
				EABD46911857A0C700A5F081 /* KIF.h in Headers */,
				D927B9DF18F9E46400DAD036 /* UITableView-KIFAdditions.h in Headers */,
				EABD46921857A0C700A5F081 /* CGGeometry-KIFAdditions.h in Headers */,
				EABD46931857A0C700A5F081 /* UIAccessibilityElement-KIFAdditions.h in Headers */,
				EABD46941857A0C700A5F081 /* UIApplication-KIFAdditions.h in Headers */,
				EABD46951857A0C700A5F081 /* UIScrollView-KIFAdditions.h in Headers */,
				EABD46971857A0C700A5F081 /* UITouch-KIFAdditions.h in Headers */,
				EABD46981857A0C700A5F081 /* UIView-KIFAdditions.h in Headers */,
				EABD46991857A0C700A5F081 /* UIWindow-KIFAdditions.h in Headers */,
				EABD469A1857A0C700A5F081 /* NSFileManager-KIFAdditions.h in Headers */,
				EABD469B1857A0C700A5F081 /* LoadableCategory.h in Headers */,
				EABD469C1857A0C700A5F081 /* KIFTypist.h in Headers */,
				EABD469D1857A0C700A5F081 /* KIFTestActor.h in Headers */,
				EABD469E1857A0C700A5F081 /* KIFTestCase.h in Headers */,
				EABD469F1857A0C700A5F081 /* KIFSystemTestActor.h in Headers */,
				EABD46A01857A0C700A5F081 /* KIFUITestActor.h in Headers */,
				EABD46A11857A0C700A5F081 /* NSBundle-KIFAdditions.h in Headers */,
				EAC8096A1864F19C000E819F /* NSException-KIFAdditions.h in Headers */,
				EABD46961857A0C700A5F081 /* XCTestCase-KIFAdditions.h in Headers */,
				EABD46A21857A0C700A5F081 /* NSError-KIFAdditions.h in Headers */,
				EABD46A31857A0C700A5F081 /* KIFTestStepValidation.h in Headers */,
				EB2526481981BF7A00DBC747 /* KIFUITestActor-ConditionalTests.h in Headers */,
				EABD46D51857C54500A5F081 /* KIF-XCTestPrefix.pch in Headers */,
			);
			runOnlyForDeploymentPostprocessing = 0;
		};
		EB7204541680DDAD00278DA2 /* Headers */ = {
			isa = PBXHeadersBuildPhase;
			buildActionMask = 2147483647;
			files = (
				A88930121685098E00FC7C63 /* KIF.h in Headers */,
				EB7204591680DDAD00278DA2 /* CGGeometry-KIFAdditions.h in Headers */,
				EB72045A1680DDAD00278DA2 /* UIAccessibilityElement-KIFAdditions.h in Headers */,
				EB72045B1680DDAD00278DA2 /* UIApplication-KIFAdditions.h in Headers */,
				EB72045C1680DDAD00278DA2 /* UIScrollView-KIFAdditions.h in Headers */,
				EB72045D1680DDAD00278DA2 /* UITouch-KIFAdditions.h in Headers */,
				EB72045E1680DDAD00278DA2 /* UIView-KIFAdditions.h in Headers */,
				EB72045F1680DDAD00278DA2 /* UIWindow-KIFAdditions.h in Headers */,
				EB7204601680DDAD00278DA2 /* NSFileManager-KIFAdditions.h in Headers */,
				EB7204611680DDAD00278DA2 /* LoadableCategory.h in Headers */,
				EB7204621680DDAD00278DA2 /* KIFTypist.h in Headers */,
				EB7204631680DDAD00278DA2 /* KIFTestActor.h in Headers */,
				EB7204641680DDAD00278DA2 /* KIFTestCase.h in Headers */,
				EB7204651680DDAD00278DA2 /* KIFSystemTestActor.h in Headers */,
				EB7204661680DDAD00278DA2 /* KIFUITestActor.h in Headers */,
				EBAE487C17A45A8E0005EE19 /* NSBundle-KIFAdditions.h in Headers */,
				EBAE488117A460E50005EE19 /* NSError-KIFAdditions.h in Headers */,
				D927B9E118F9E47000DAD036 /* UITableView-KIFAdditions.h in Headers */,
				EABD474B185F509E00A5F081 /* SenTestCase-KIFAdditions.h in Headers */,
				EBAE488717A4E5C30005EE19 /* KIFTestStepValidation.h in Headers */,
				EB7204551680DDAD00278DA2 /* KIF-Prefix.pch in Headers */,
			);
			runOnlyForDeploymentPostprocessing = 0;
		};
/* End PBXHeadersBuildPhase section */

/* Begin PBXNativeTarget section */
		EABD46791857A0C700A5F081 /* KIF */ = {
			isa = PBXNativeTarget;
			buildConfigurationList = EABD46A61857A0C700A5F081 /* Build configuration list for PBXNativeTarget "KIF" */;
			buildPhases = (
				EABD467A1857A0C700A5F081 /* Sources */,
				EABD468C1857A0C700A5F081 /* Frameworks */,
				EABD46901857A0C700A5F081 /* Headers */,
			);
			buildRules = (
			);
			dependencies = (
			);
			name = KIF;
			productName = KIFTestCase;
			productReference = EABD46AA1857A0C700A5F081 /* libKIF.a */;
			productType = "com.apple.product-type.library.static";
		};
		EB72043E1680DDAD00278DA2 /* KIF-OCUnit */ = {
			isa = PBXNativeTarget;
			buildConfigurationList = EB7204791680DDAD00278DA2 /* Build configuration list for PBXNativeTarget "KIF-OCUnit" */;
			buildPhases = (
				EB72043F1680DDAD00278DA2 /* Sources */,
				EB7204501680DDAD00278DA2 /* Frameworks */,
				EB7204541680DDAD00278DA2 /* Headers */,
			);
			buildRules = (
			);
			dependencies = (
			);
			name = "KIF-OCUnit";
			productName = KIFTestCase;
			productReference = EB72047C1680DDAD00278DA2 /* libKIF-OCUnit.a */;
			productType = "com.apple.product-type.library.static";
		};
/* End PBXNativeTarget section */

/* Begin PBXProject section */
		AAB0725F139719AC008AF393 /* Project object */ = {
			isa = PBXProject;
			attributes = {
				LastTestingUpgradeCheck = 0610;
				LastUpgradeCheck = 0510;
			};
			buildConfigurationList = AAB07262139719AC008AF393 /* Build configuration list for PBXProject "KIF" */;
			compatibilityVersion = "Xcode 3.2";
			developmentRegion = English;
			hasScannedForEncodings = 0;
			knownRegions = (
				en,
			);
			mainGroup = AAB0725D139719AC008AF393;
			productRefGroup = AAB07269139719AC008AF393 /* Products */;
			projectDirPath = "";
			projectRoot = "";
			targets = (
				EABD46791857A0C700A5F081 /* KIF */,
				EB72043E1680DDAD00278DA2 /* KIF-OCUnit */,
			);
		};
/* End PBXProject section */

/* Begin PBXSourcesBuildPhase section */
		EABD467A1857A0C700A5F081 /* Sources */ = {
			isa = PBXSourcesBuildPhase;
			buildActionMask = 2147483647;
			files = (
				EABD467B1857A0C700A5F081 /* CGGeometry-KIFAdditions.m in Sources */,
				EABD467C1857A0C700A5F081 /* UIAccessibilityElement-KIFAdditions.m in Sources */,
				EABD467D1857A0C700A5F081 /* UIApplication-KIFAdditions.m in Sources */,
				EABD467E1857A0C700A5F081 /* UIScrollView-KIFAdditions.m in Sources */,
				EABD467F1857A0C700A5F081 /* UITouch-KIFAdditions.m in Sources */,
				EABD46801857A0C700A5F081 /* UIView-KIFAdditions.m in Sources */,
				EABD46811857A0C700A5F081 /* UIWindow-KIFAdditions.m in Sources */,
				EABD46821857A0C700A5F081 /* NSFileManager-KIFAdditions.m in Sources */,
				D927B9E018F9E46400DAD036 /* UITableView-KIFAdditions.m in Sources */,
				EABD46831857A0C700A5F081 /* KIFTypist.m in Sources */,
				EABD46841857A0C700A5F081 /* KIFTestActor.m in Sources */,
				EABD46851857A0C700A5F081 /* KIFTestCase.m in Sources */,
				EABD46861857A0C700A5F081 /* XCTestCase-KIFAdditions.m in Sources */,
				EB2526491981BF7A00DBC747 /* KIFUITestActor-ConditionalTests.m in Sources */,
				EABD46871857A0C700A5F081 /* KIFSystemTestActor.m in Sources */,
				EAC8096B1864F19C000E819F /* NSException-KIFAdditions.m in Sources */,
				EABD46881857A0C700A5F081 /* KIFUITestActor.m in Sources */,
				EABD46891857A0C700A5F081 /* NSBundle-KIFAdditions.m in Sources */,
				EABD468A1857A0C700A5F081 /* NSError-KIFAdditions.m in Sources */,
				EABD468B1857A0C700A5F081 /* KIFTestStepValidation.m in Sources */,
			);
			runOnlyForDeploymentPostprocessing = 0;
		};
		EB72043F1680DDAD00278DA2 /* Sources */ = {
			isa = PBXSourcesBuildPhase;
			buildActionMask = 2147483647;
			files = (
				EB7204431680DDAD00278DA2 /* CGGeometry-KIFAdditions.m in Sources */,
				EB7204441680DDAD00278DA2 /* UIAccessibilityElement-KIFAdditions.m in Sources */,
				EB7204451680DDAD00278DA2 /* UIApplication-KIFAdditions.m in Sources */,
				EB7204461680DDAD00278DA2 /* UIScrollView-KIFAdditions.m in Sources */,
				EB7204471680DDAD00278DA2 /* UITouch-KIFAdditions.m in Sources */,
				EB7204481680DDAD00278DA2 /* UIView-KIFAdditions.m in Sources */,
				D927B9E218F9E47600DAD036 /* UITableView-KIFAdditions.m in Sources */,
				EB7204491680DDAD00278DA2 /* UIWindow-KIFAdditions.m in Sources */,
				EB72044A1680DDAD00278DA2 /* NSFileManager-KIFAdditions.m in Sources */,
				EB72044B1680DDAD00278DA2 /* KIFTypist.m in Sources */,
				EB25264A1981BF8400DBC747 /* KIFUITestActor-ConditionalTests.m in Sources */,
				EB72044C1680DDAD00278DA2 /* KIFTestActor.m in Sources */,
				EB72044D1680DDAD00278DA2 /* KIFTestCase.m in Sources */,
				EB72044E1680DDAD00278DA2 /* KIFSystemTestActor.m in Sources */,
				EB72044F1680DDAD00278DA2 /* KIFUITestActor.m in Sources */,
				EBAE487D17A45A8E0005EE19 /* NSBundle-KIFAdditions.m in Sources */,
				EBAE488217A460E50005EE19 /* NSError-KIFAdditions.m in Sources */,
				EBAE488817A4E5C30005EE19 /* KIFTestStepValidation.m in Sources */,
				EABD474C185F509E00A5F081 /* SenTestCase-KIFAdditions.m in Sources */,
			);
			runOnlyForDeploymentPostprocessing = 0;
		};
/* End PBXSourcesBuildPhase section */

/* Begin XCBuildConfiguration section */
		AAB07270139719AC008AF393 /* Debug */ = {
			isa = XCBuildConfiguration;
			buildSettings = {
				CLANG_ENABLE_OBJC_ARC = YES;
				GCC_C_LANGUAGE_STANDARD = gnu99;
				GCC_OPTIMIZATION_LEVEL = 0;
				GCC_PREFIX_HEADER = "Classes/KIF-Prefix.pch";
				GCC_PREPROCESSOR_DEFINITIONS = DEBUG;
				GCC_SYMBOLS_PRIVATE_EXTERN = NO;
				GCC_TREAT_WARNINGS_AS_ERRORS = YES;
				GCC_VERSION = "";
				GCC_WARN_ABOUT_MISSING_PROTOTYPES = YES;
				GCC_WARN_ABOUT_RETURN_TYPE = YES;
				GCC_WARN_UNUSED_VARIABLE = YES;
				IPHONEOS_DEPLOYMENT_TARGET = 5.1.1;
				ONLY_ACTIVE_ARCH = YES;
				PUBLIC_HEADERS_FOLDER_PATH = "include/$(PRODUCT_NAME)";
				SDKROOT = iphoneos;
				SKIP_INSTALL = YES;
			};
			name = Debug;
		};
		AAB07271139719AC008AF393 /* Release */ = {
			isa = XCBuildConfiguration;
			buildSettings = {
				CLANG_ENABLE_OBJC_ARC = YES;
				GCC_C_LANGUAGE_STANDARD = gnu99;
				GCC_PREFIX_HEADER = "Classes/KIF-Prefix.pch";
				GCC_TREAT_WARNINGS_AS_ERRORS = YES;
				GCC_VERSION = "";
				GCC_WARN_ABOUT_MISSING_PROTOTYPES = YES;
				GCC_WARN_ABOUT_RETURN_TYPE = YES;
				GCC_WARN_UNUSED_VARIABLE = YES;
				IPHONEOS_DEPLOYMENT_TARGET = 5.1.1;
				PUBLIC_HEADERS_FOLDER_PATH = "include/$(PRODUCT_NAME)";
				SDKROOT = iphoneos;
				SKIP_INSTALL = YES;
			};
			name = Release;
		};
		EABD46A71857A0C700A5F081 /* Debug */ = {
			isa = XCBuildConfiguration;
			buildSettings = {
				ALWAYS_SEARCH_USER_PATHS = NO;
				CLANG_ENABLE_OBJC_ARC = YES;
				DSTROOT = /tmp/KIF.dst;
				FRAMEWORK_SEARCH_PATHS = (
					"$(PLATFORM_DIR)/Developer/Library/Frameworks",
					"$(DEVELOPER_FRAMEWORKS_DIR)",
				);
				GCC_PREFIX_HEADER = "Classes/KIF-XCTestPrefix.pch";
				GCC_PREPROCESSOR_DEFINITIONS = (
					DEBUG,
					"KIF_XCTEST=1",
				);
				OTHER_LDFLAGS = "-ObjC";
				PRODUCT_NAME = KIF;
			};
			name = Debug;
		};
		EABD46A81857A0C700A5F081 /* Coverage */ = {
			isa = XCBuildConfiguration;
			buildSettings = {
				ALWAYS_SEARCH_USER_PATHS = NO;
				CLANG_ENABLE_OBJC_ARC = YES;
				DSTROOT = /tmp/KIF.dst;
				FRAMEWORK_SEARCH_PATHS = (
					"$(PLATFORM_DIR)/Developer/Library/Frameworks",
					"$(DEVELOPER_FRAMEWORKS_DIR)",
				);
				GCC_PREFIX_HEADER = "Classes/KIF-XCTestPrefix.pch";
				GCC_PREPROCESSOR_DEFINITIONS = (
					DEBUG,
					"KIF_XCTEST=1",
				);
				OTHER_LDFLAGS = "-ObjC";
				PRODUCT_NAME = KIF;
			};
			name = Coverage;
		};
		EABD46A91857A0C700A5F081 /* Release */ = {
			isa = XCBuildConfiguration;
			buildSettings = {
				ALWAYS_SEARCH_USER_PATHS = NO;
				CLANG_ENABLE_OBJC_ARC = YES;
				DSTROOT = /tmp/KIF.dst;
				FRAMEWORK_SEARCH_PATHS = (
					"$(PLATFORM_DIR)/Developer/Library/Frameworks",
					"$(DEVELOPER_FRAMEWORKS_DIR)",
				);
				GCC_PREFIX_HEADER = "Classes/KIF-XCTestPrefix.pch";
				OTHER_LDFLAGS = "-ObjC";
				PRODUCT_NAME = KIF;
			};
			name = Release;
		};
		EB72047A1680DDAD00278DA2 /* Debug */ = {
			isa = XCBuildConfiguration;
			buildSettings = {
				ALWAYS_SEARCH_USER_PATHS = NO;
				CLANG_ENABLE_OBJC_ARC = YES;
				DSTROOT = /tmp/KIF.dst;
				FRAMEWORK_SEARCH_PATHS = "\"$(SDKROOT)/Developer/Library/Frameworks\"";
				GCC_PREFIX_HEADER = "Classes/KIF-Prefix.pch";
				GCC_PREPROCESSOR_DEFINITIONS = (
					DEBUG,
					"KIF_SENTEST=1",
				);
				OTHER_LDFLAGS = "-ObjC";
				PRODUCT_NAME = "KIF-OCUnit";
			};
			name = Debug;
		};
		EB72047B1680DDAD00278DA2 /* Release */ = {
			isa = XCBuildConfiguration;
			buildSettings = {
				ALWAYS_SEARCH_USER_PATHS = NO;
				CLANG_ENABLE_OBJC_ARC = YES;
				DSTROOT = /tmp/KIF.dst;
				FRAMEWORK_SEARCH_PATHS = "\"$(SDKROOT)/Developer/Library/Frameworks\"";
				GCC_PREFIX_HEADER = "Classes/KIF-Prefix.pch";
				OTHER_LDFLAGS = "-ObjC";
				PRODUCT_NAME = "KIF-OCUnit";
			};
			name = Release;
		};
		EBAE48FF17A5B1380005EE19 /* Coverage */ = {
			isa = XCBuildConfiguration;
			buildSettings = {
				CLANG_ENABLE_OBJC_ARC = YES;
				GCC_C_LANGUAGE_STANDARD = gnu99;
				GCC_GENERATE_TEST_COVERAGE_FILES = YES;
				GCC_INSTRUMENT_PROGRAM_FLOW_ARCS = YES;
				GCC_OPTIMIZATION_LEVEL = 0;
				GCC_PREFIX_HEADER = "Classes/KIF-Prefix.pch";
				GCC_PREPROCESSOR_DEFINITIONS = DEBUG;
				GCC_SYMBOLS_PRIVATE_EXTERN = NO;
				GCC_TREAT_WARNINGS_AS_ERRORS = YES;
				GCC_VERSION = "";
				GCC_WARN_ABOUT_MISSING_PROTOTYPES = YES;
				GCC_WARN_ABOUT_RETURN_TYPE = YES;
				GCC_WARN_UNUSED_VARIABLE = YES;
				IPHONEOS_DEPLOYMENT_TARGET = 5.1.1;
				PUBLIC_HEADERS_FOLDER_PATH = "include/$(PRODUCT_NAME)";
				SDKROOT = iphoneos;
				SKIP_INSTALL = YES;
			};
			name = Coverage;
		};
		EBAE490017A5B1380005EE19 /* Coverage */ = {
			isa = XCBuildConfiguration;
			buildSettings = {
				ALWAYS_SEARCH_USER_PATHS = NO;
				CLANG_ENABLE_OBJC_ARC = YES;
				DSTROOT = /tmp/KIF.dst;
				FRAMEWORK_SEARCH_PATHS = "\"$(SDKROOT)/Developer/Library/Frameworks\"";
				GCC_PREFIX_HEADER = "Classes/KIF-Prefix.pch";
				GCC_PREPROCESSOR_DEFINITIONS = (
					DEBUG,
					"KIF_SENTEST=1",
				);
				OTHER_LDFLAGS = "-ObjC";
				PRODUCT_NAME = "KIF-OCUnit";
			};
			name = Coverage;
		};
/* End XCBuildConfiguration section */

/* Begin XCConfigurationList section */
		AAB07262139719AC008AF393 /* Build configuration list for PBXProject "KIF" */ = {
			isa = XCConfigurationList;
			buildConfigurations = (
				AAB07270139719AC008AF393 /* Debug */,
				EBAE48FF17A5B1380005EE19 /* Coverage */,
				AAB07271139719AC008AF393 /* Release */,
			);
			defaultConfigurationIsVisible = 0;
			defaultConfigurationName = Release;
		};
		EABD46A61857A0C700A5F081 /* Build configuration list for PBXNativeTarget "KIF" */ = {
			isa = XCConfigurationList;
			buildConfigurations = (
				EABD46A71857A0C700A5F081 /* Debug */,
				EABD46A81857A0C700A5F081 /* Coverage */,
				EABD46A91857A0C700A5F081 /* Release */,
			);
			defaultConfigurationIsVisible = 0;
			defaultConfigurationName = Release;
		};
		EB7204791680DDAD00278DA2 /* Build configuration list for PBXNativeTarget "KIF-OCUnit" */ = {
			isa = XCConfigurationList;
			buildConfigurations = (
				EB72047A1680DDAD00278DA2 /* Debug */,
				EBAE490017A5B1380005EE19 /* Coverage */,
				EB72047B1680DDAD00278DA2 /* Release */,
			);
			defaultConfigurationIsVisible = 0;
			defaultConfigurationName = Release;
		};
/* End XCConfigurationList section */
	};
	rootObject = AAB0725F139719AC008AF393 /* Project object */;
}
